
Microsoft Visual Studio Solution File, Format Version 12.00
# Visual Studio Version 17
VisualStudioVersion = 17.3.32901.215
MinimumVisualStudioVersion = 10.0.40219.1
Project("{FAE04EC0-301F-11D3-BF4B-00C04F79EFBC}") = "radio button indirim uygulama", "radio button indirim uygulama\radio button indirim uygulama.csproj", "{DC28D5D4-8B27-42BA-8AD3-7886C812A158}"
EndProject
Global
	GlobalSection(SolutionConfigurationPlatforms) = preSolution
		Debug|Any CPU = Debug|Any CPU
		Release|Any CPU = Release|Any CPU
	EndGlobalSection
	GlobalSection(ProjectConfigurationPlatforms) = postSolution
		{DC28D5D4-8B27-42BA-8AD3-7886C812A158}.Debug|Any CPU.ActiveCfg = Debug|Any CPU
		{DC28D5D4-8B27-42BA-8AD3-7886C812A158}.Debug|Any CPU.Build.0 = Debug|Any CPU
		{DC28D5D4-8B27-42BA-8AD3-7886C812A158}.Release|Any CPU.ActiveCfg = Release|Any CPU
		{DC28D5D4-8B27-42BA-8AD3-7886C812A158}.Release|Any CPU.Build.0 = Release|Any CPU
	EndGlobalSection
	GlobalSection(SolutionProperties) = preSolution
		HideSolutionNode = FALSE
	EndGlobalSection
	GlobalSection(ExtensibilityGlobals) = postSolution
		SolutionGuid = {3656CECD-136F-4EDD-9B93-CE6B5F463660}
	EndGlobalSection
EndGlobal
